
Microsoft Visual Studio Solution File, Format Version 12.00
# Visual Studio Version 17
VisualStudioVersion = 17.13.35931.197 d17.13
MinimumVisualStudioVersion = 10.0.40219.1
Project("{FAE04EC0-301F-11D3-BF4B-00C04F79EFBC}") = "LoveApp", "LoveApp\LoveApp.csproj", "{2411F096-B79B-4322-9708-BF33682FE006}"
EndProject
Global
	GlobalSection(SolutionConfigurationPlatforms) = preSolution
		Debug|Any CPU = Debug|Any CPU
		Release|Any CPU = Release|Any CPU
	EndGlobalSection
	GlobalSection(ProjectConfigurationPlatforms) = postSolution
		{2411F096-B79B-4322-9708-BF33682FE006}.Debug|Any CPU.ActiveCfg = Debug|Any CPU
		{2411F096-B79B-4322-9708-BF33682FE006}.Debug|Any CPU.Build.0 = Debug|Any CPU
		{2411F096-B79B-4322-9708-BF33682FE006}.Release|Any CPU.ActiveCfg = Release|Any CPU
		{2411F096-B79B-4322-9708-BF33682FE006}.Release|Any CPU.Build.0 = Release|Any CPU
	EndGlobalSection
	GlobalSection(SolutionProperties) = preSolution
		HideSolutionNode = FALSE
	EndGlobalSection
	GlobalSection(ExtensibilityGlobals) = postSolution
		SolutionGuid = {370A2166-8642-4CD5-A07D-29BE26473873}
	EndGlobalSection
EndGlobal
